
Microsoft Visual Studio Solution File, Format Version 12.00
# Visual Studio Version 17
VisualStudioVersion = 17.14.37012.4 d17.14
MinimumVisualStudioVersion = 10.0.40219.1
Project("{FAE04EC0-301F-11D3-BF4B-00C04F79EFBC}") = "StepOne", "StepOne\StepOne.csproj", "{72DED420-CE18-4F64-92B6-35B0A4C481BA}"
EndProject
Global
	GlobalSection(SolutionConfigurationPlatforms) = preSolution
		Debug|Any CPU = Debug|Any CPU
		Release|Any CPU = Release|Any CPU
	EndGlobalSection
	GlobalSection(ProjectConfigurationPlatforms) = postSolution
		{72DED420-CE18-4F64-92B6-35B0A4C481BA}.Debug|Any CPU.ActiveCfg = Debug|Any CPU
		{72DED420-CE18-4F64-92B6-35B0A4C481BA}.Debug|Any CPU.Build.0 = Debug|Any CPU
		{72DED420-CE18-4F64-92B6-35B0A4C481BA}.Release|Any CPU.ActiveCfg = Release|Any CPU
		{72DED420-CE18-4F64-92B6-35B0A4C481BA}.Release|Any CPU.Build.0 = Release|Any CPU
	EndGlobalSection
	GlobalSection(SolutionProperties) = preSolution
		HideSolutionNode = FALSE
	EndGlobalSection
	GlobalSection(ExtensibilityGlobals) = postSolution
		SolutionGuid = {332CAEB4-65AA-43F1-89D1-68EDBCBE3183}
	EndGlobalSection
EndGlobal
